
Microsoft Visual Studio Solution File, Format Version 12.00
# Visual Studio 11
Project("{FAE04EC0-301F-11D3-BF4B-00C04F79EFBC}") = "EarthquakeWidget", "EarthquakeWidget.csproj", "{ECF0B4F2-989A-48F8-AEB8-2CF4811E9FC8}"
EndProject
Global
	GlobalSection(SolutionConfigurationPlatforms) = preSolution
		Debug|Any CPU = Debug|Any CPU
		Release|Any CPU = Release|Any CPU
	EndGlobalSection
	GlobalSection(ProjectConfigurationPlatforms) = postSolution
		{ECF0B4F2-989A-48F8-AEB8-2CF4811E9FC8}.Debug|Any CPU.ActiveCfg = Debug|Any CPU
		{ECF0B4F2-989A-48F8-AEB8-2CF4811E9FC8}.Debug|Any CPU.Build.0 = Debug|Any CPU
		{ECF0B4F2-989A-48F8-AEB8-2CF4811E9FC8}.Release|Any CPU.ActiveCfg = Release|Any CPU
		{ECF0B4F2-989A-48F8-AEB8-2CF4811E9FC8}.Release|Any CPU.Build.0 = Release|Any CPU
	EndGlobalSection
	GlobalSection(SolutionProperties) = preSolution
		HideSolutionNode = FALSE
	EndGlobalSection
EndGlobal
